
Microsoft Visual Studio Solution File, Format Version 12.00
# Visual Studio Version 17
VisualStudioVersion = 17.3.32922.545
MinimumVisualStudioVersion = 10.0.40219.1
Project("{FAE04EC0-301F-11D3-BF4B-00C04F79EFBC}") = "tråd2", "tråd2.csproj", "{19119EEE-7458-43BE-9898-A0BDE742DC3C}"
EndProject
Global
	GlobalSection(SolutionConfigurationPlatforms) = preSolution
		Debug|Any CPU = Debug|Any CPU
		Release|Any CPU = Release|Any CPU
	EndGlobalSection
	GlobalSection(ProjectConfigurationPlatforms) = postSolution
		{19119EEE-7458-43BE-9898-A0BDE742DC3C}.Debug|Any CPU.ActiveCfg = Debug|Any CPU
		{19119EEE-7458-43BE-9898-A0BDE742DC3C}.Debug|Any CPU.Build.0 = Debug|Any CPU
		{19119EEE-7458-43BE-9898-A0BDE742DC3C}.Release|Any CPU.ActiveCfg = Release|Any CPU
		{19119EEE-7458-43BE-9898-A0BDE742DC3C}.Release|Any CPU.Build.0 = Release|Any CPU
	EndGlobalSection
	GlobalSection(SolutionProperties) = preSolution
		HideSolutionNode = FALSE
	EndGlobalSection
	GlobalSection(ExtensibilityGlobals) = postSolution
		SolutionGuid = {12F1056B-23C3-4861-BA1F-E692EA0020FA}
	EndGlobalSection
EndGlobal
